
Microsoft Visual Studio Solution File, Format Version 12.00
# Visual Studio Version 17
VisualStudioVersion = 17.8.34511.84
MinimumVisualStudioVersion = 10.0.40219.1
Project("{FAE04EC0-301F-11D3-BF4B-00C04F79EFBC}") = "ArchitecteLogiciel", "ArchitecteLogiciel\ArchitecteLogiciel.csproj", "{6AA6A472-F409-4D84-A848-4B810D50EDF1}"
EndProject
Global
	GlobalSection(SolutionConfigurationPlatforms) = preSolution
		Debug|Any CPU = Debug|Any CPU
		Release|Any CPU = Release|Any CPU
	EndGlobalSection
	GlobalSection(ProjectConfigurationPlatforms) = postSolution
		{6AA6A472-F409-4D84-A848-4B810D50EDF1}.Debug|Any CPU.ActiveCfg = Debug|Any CPU
		{6AA6A472-F409-4D84-A848-4B810D50EDF1}.Debug|Any CPU.Build.0 = Debug|Any CPU
		{6AA6A472-F409-4D84-A848-4B810D50EDF1}.Release|Any CPU.ActiveCfg = Release|Any CPU
		{6AA6A472-F409-4D84-A848-4B810D50EDF1}.Release|Any CPU.Build.0 = Release|Any CPU
	EndGlobalSection
	GlobalSection(SolutionProperties) = preSolution
		HideSolutionNode = FALSE
	EndGlobalSection
	GlobalSection(ExtensibilityGlobals) = postSolution
		SolutionGuid = {15FA51ED-9A8C-4263-A640-88A6D0E327B4}
	EndGlobalSection
EndGlobal
